
Microsoft Visual Studio Solution File, Format Version 12.00
# Visual Studio 2013
VisualStudioVersion = 12.0.30110.0
MinimumVisualStudioVersion = 10.0.40219.1
Project("{2150E333-8FDC-42A3-9474-1A3956D46DE8}") = "Without Commands", "Without Commands", "{65ACC68F-CD24-4AD6-9906-B674017ECA38}"
EndProject
Project("{FAE04EC0-301F-11D3-BF4B-00C04F79EFBC}") = "WithoutCmdWpfApp", "WithoutCmdWpfApp\WithoutCmdWpfApp.csproj", "{C76E256F-909D-45E3-9ACD-426F55DB6338}"
EndProject
Project("{2150E333-8FDC-42A3-9474-1A3956D46DE8}") = "With Commands - Basic", "With Commands - Basic", "{8C415CD0-B2F0-41CC-800E-FC1D0CAECE58}"
EndProject
Project("{FAE04EC0-301F-11D3-BF4B-00C04F79EFBC}") = "WithCmdWpfApp", "WithCmdWpfApp\WithCmdWpfApp.csproj", "{347CD471-E8F8-4A91-A040-9D6718663356}"
EndProject
Project("{2150E333-8FDC-42A3-9474-1A3956D46DE8}") = "IO Support in Commands", "IO Support in Commands", "{4DF88C43-6A13-47DC-A0BA-48D25D7A3BB7}"
EndProject
Project("{FAE04EC0-301F-11D3-BF4B-00C04F79EFBC}") = "IOSupportInCmdWpfApp", "IOSupportInCmdWpfApp\IOSupportInCmdWpfApp.csproj", "{EA373705-4542-4CE9-84AC-FE86587B1C5C}"
EndProject
Project("{2150E333-8FDC-42A3-9474-1A3956D46DE8}") = "Case Study Solution", "Case Study Solution", "{A1D5A18D-B3A5-4BBE-9989-AD0559488423}"
EndProject
Project("{2150E333-8FDC-42A3-9474-1A3956D46DE8}") = "Models", "Models", "{950CEA58-BF46-48DB-AE2D-A742F6C0C83A}"
EndProject
Project("{2150E333-8FDC-42A3-9474-1A3956D46DE8}") = "Model Services", "Model Services", "{C712552C-C013-4D65-9C3A-4131BD8EFDCA}"
EndProject
Project("{2150E333-8FDC-42A3-9474-1A3956D46DE8}") = "UI Widgets", "UI Widgets", "{9F7861F8-FAAF-4F08-9B6B-B03898D458D3}"
EndProject
Project("{2150E333-8FDC-42A3-9474-1A3956D46DE8}") = "UI", "UI", "{2F081639-F109-407C-B45F-887CC47A7919}"
EndProject
Project("{2150E333-8FDC-42A3-9474-1A3956D46DE8}") = "Application", "Application", "{076EFEDD-9189-41B6-BF67-45E872C00D0F}"
EndProject
Project("{2150E333-8FDC-42A3-9474-1A3956D46DE8}") = "Commands", "Commands", "{C5DB4F75-72F7-4D10-869A-DEB760844E75}"
EndProject
Project("{2150E333-8FDC-42A3-9474-1A3956D46DE8}") = "Extensibility", "Extensibility", "{A3ACAAA2-4968-4D1A-A073-92C49BFAE634}"
EndProject
Project("{2150E333-8FDC-42A3-9474-1A3956D46DE8}") = "Shared", "Shared", "{2FAABDC5-B470-4308-886F-EB9EDBDE2FCE}"
EndProject
Project("{FAE04EC0-301F-11D3-BF4B-00C04F79EFBC}") = "GS.Apps.OrderSystem", "GS.Apps.OrderSystem\GS.Apps.OrderSystem.csproj", "{88220844-91C1-449D-9466-507FFA5F92B4}"
EndProject
Project("{FAE04EC0-301F-11D3-BF4B-00C04F79EFBC}") = "GS.Libraries.UI", "GS.Libraries.UI\GS.Libraries.UI.csproj", "{6482AA43-10D0-4DC9-9FE7-E1C250F24896}"
EndProject
Project("{FAE04EC0-301F-11D3-BF4B-00C04F79EFBC}") = "GS.Libraries.UI.Widgets", "GS.Libraries.UI.Widgets\GS.Libraries.UI.Widgets.csproj", "{DD559EF0-A032-41BC-A460-B9BEABE7924D}"
EndProject
Project("{FAE04EC0-301F-11D3-BF4B-00C04F79EFBC}") = "GS.Libraries.Models", "GS.Libraries.Models\GS.Libraries.Models.csproj", "{63B6BBD7-1E4C-41DF-AAE5-165553C35AA2}"
EndProject
Project("{FAE04EC0-301F-11D3-BF4B-00C04F79EFBC}") = "GS.Libraries.ModelServices.Interfaces", "GS.Libraries.ModelServices.Interfaces\GS.Libraries.ModelServices.Interfaces.csproj", "{7F5A6EF7-AC8D-464E-BED3-BFEF9ED44F3A}"
EndProject
Project("{FAE04EC0-301F-11D3-BF4B-00C04F79EFBC}") = "GS.Libraries.ModelServices.Impl", "GS.Libraries.ModelServices.Impl\GS.Libraries.ModelServices.Impl.csproj", "{A284FE35-D5F6-46E3-8533-A875DCF0426E}"
EndProject
Project("{FAE04EC0-301F-11D3-BF4B-00C04F79EFBC}") = "GS.Libraries.ModelServices.Factories", "GS.Libraries.ModelServices.Factories\GS.Libraries.ModelServices.Factories.csproj", "{32807DFA-C944-4B78-ADE6-89C7AE3161E1}"
EndProject
Project("{FAE04EC0-301F-11D3-BF4B-00C04F79EFBC}") = "GS.Libraries.Commands", "GS.Libraries.Commands\GS.Libraries.Commands.csproj", "{EE6C6FC4-33EA-45C4-AE52-17FA89CF16EB}"
EndProject
Project("{FAE04EC0-301F-11D3-BF4B-00C04F79EFBC}") = "GS.Libraries.Extensibility", "GS.Libraries.Extensibility\GS.Libraries.Extensibility.csproj", "{0B4F9010-7A79-4BA8-AB05-8A5D6D42FEEF}"
EndProject
Project("{FAE04EC0-301F-11D3-BF4B-00C04F79EFBC}") = "GS.Libraries.Shared", "GS.Libraries.Shaerd\GS.Libraries.Shared.csproj", "{C30B3B1B-A39C-4045-82A6-B81AF6553D62}"
EndProject
Global
	GlobalSection(SolutionConfigurationPlatforms) = preSolution
		Debug|Any CPU = Debug|Any CPU
		Release|Any CPU = Release|Any CPU
	EndGlobalSection
	GlobalSection(ProjectConfigurationPlatforms) = postSolution
		{C76E256F-909D-45E3-9ACD-426F55DB6338}.Debug|Any CPU.ActiveCfg = Debug|Any CPU
		{C76E256F-909D-45E3-9ACD-426F55DB6338}.Debug|Any CPU.Build.0 = Debug|Any CPU
		{C76E256F-909D-45E3-9ACD-426F55DB6338}.Release|Any CPU.ActiveCfg = Release|Any CPU
		{C76E256F-909D-45E3-9ACD-426F55DB6338}.Release|Any CPU.Build.0 = Release|Any CPU
		{347CD471-E8F8-4A91-A040-9D6718663356}.Debug|Any CPU.ActiveCfg = Debug|Any CPU
		{347CD471-E8F8-4A91-A040-9D6718663356}.Debug|Any CPU.Build.0 = Debug|Any CPU
		{347CD471-E8F8-4A91-A040-9D6718663356}.Release|Any CPU.ActiveCfg = Release|Any CPU
		{347CD471-E8F8-4A91-A040-9D6718663356}.Release|Any CPU.Build.0 = Release|Any CPU
		{EA373705-4542-4CE9-84AC-FE86587B1C5C}.Debug|Any CPU.ActiveCfg = Debug|Any CPU
		{EA373705-4542-4CE9-84AC-FE86587B1C5C}.Debug|Any CPU.Build.0 = Debug|Any CPU
		{EA373705-4542-4CE9-84AC-FE86587B1C5C}.Release|Any CPU.ActiveCfg = Release|Any CPU
		{EA373705-4542-4CE9-84AC-FE86587B1C5C}.Release|Any CPU.Build.0 = Release|Any CPU
		{88220844-91C1-449D-9466-507FFA5F92B4}.Debug|Any CPU.ActiveCfg = Debug|Any CPU
		{88220844-91C1-449D-9466-507FFA5F92B4}.Debug|Any CPU.Build.0 = Debug|Any CPU
		{88220844-91C1-449D-9466-507FFA5F92B4}.Release|Any CPU.ActiveCfg = Release|Any CPU
		{88220844-91C1-449D-9466-507FFA5F92B4}.Release|Any CPU.Build.0 = Release|Any CPU
		{6482AA43-10D0-4DC9-9FE7-E1C250F24896}.Debug|Any CPU.ActiveCfg = Debug|Any CPU
		{6482AA43-10D0-4DC9-9FE7-E1C250F24896}.Debug|Any CPU.Build.0 = Debug|Any CPU
		{6482AA43-10D0-4DC9-9FE7-E1C250F24896}.Release|Any CPU.ActiveCfg = Release|Any CPU
		{6482AA43-10D0-4DC9-9FE7-E1C250F24896}.Release|Any CPU.Build.0 = Release|Any CPU
		{DD559EF0-A032-41BC-A460-B9BEABE7924D}.Debug|Any CPU.ActiveCfg = Debug|Any CPU
		{DD559EF0-A032-41BC-A460-B9BEABE7924D}.Debug|Any CPU.Build.0 = Debug|Any CPU
		{DD559EF0-A032-41BC-A460-B9BEABE7924D}.Release|Any CPU.ActiveCfg = Release|Any CPU
		{DD559EF0-A032-41BC-A460-B9BEABE7924D}.Release|Any CPU.Build.0 = Release|Any CPU
		{63B6BBD7-1E4C-41DF-AAE5-165553C35AA2}.Debug|Any CPU.ActiveCfg = Debug|Any CPU
		{63B6BBD7-1E4C-41DF-AAE5-165553C35AA2}.Debug|Any CPU.Build.0 = Debug|Any CPU
		{63B6BBD7-1E4C-41DF-AAE5-165553C35AA2}.Release|Any CPU.ActiveCfg = Release|Any CPU
		{63B6BBD7-1E4C-41DF-AAE5-165553C35AA2}.Release|Any CPU.Build.0 = Release|Any CPU
		{7F5A6EF7-AC8D-464E-BED3-BFEF9ED44F3A}.Debug|Any CPU.ActiveCfg = Debug|Any CPU
		{7F5A6EF7-AC8D-464E-BED3-BFEF9ED44F3A}.Debug|Any CPU.Build.0 = Debug|Any CPU
		{7F5A6EF7-AC8D-464E-BED3-BFEF9ED44F3A}.Release|Any CPU.ActiveCfg = Release|Any CPU
		{7F5A6EF7-AC8D-464E-BED3-BFEF9ED44F3A}.Release|Any CPU.Build.0 = Release|Any CPU
		{A284FE35-D5F6-46E3-8533-A875DCF0426E}.Debug|Any CPU.ActiveCfg = Debug|Any CPU
		{A284FE35-D5F6-46E3-8533-A875DCF0426E}.Debug|Any CPU.Build.0 = Debug|Any CPU
		{A284FE35-D5F6-46E3-8533-A875DCF0426E}.Release|Any CPU.ActiveCfg = Release|Any CPU
		{A284FE35-D5F6-46E3-8533-A875DCF0426E}.Release|Any CPU.Build.0 = Release|Any CPU
		{32807DFA-C944-4B78-ADE6-89C7AE3161E1}.Debug|Any CPU.ActiveCfg = Debug|Any CPU
		{32807DFA-C944-4B78-ADE6-89C7AE3161E1}.Debug|Any CPU.Build.0 = Debug|Any CPU
		{32807DFA-C944-4B78-ADE6-89C7AE3161E1}.Release|Any CPU.ActiveCfg = Release|Any CPU
		{32807DFA-C944-4B78-ADE6-89C7AE3161E1}.Release|Any CPU.Build.0 = Release|Any CPU
		{EE6C6FC4-33EA-45C4-AE52-17FA89CF16EB}.Debug|Any CPU.ActiveCfg = Debug|Any CPU
		{EE6C6FC4-33EA-45C4-AE52-17FA89CF16EB}.Debug|Any CPU.Build.0 = Debug|Any CPU
		{EE6C6FC4-33EA-45C4-AE52-17FA89CF16EB}.Release|Any CPU.ActiveCfg = Release|Any CPU
		{EE6C6FC4-33EA-45C4-AE52-17FA89CF16EB}.Release|Any CPU.Build.0 = Release|Any CPU
		{0B4F9010-7A79-4BA8-AB05-8A5D6D42FEEF}.Debug|Any CPU.ActiveCfg = Debug|Any CPU
		{0B4F9010-7A79-4BA8-AB05-8A5D6D42FEEF}.Debug|Any CPU.Build.0 = Debug|Any CPU
		{0B4F9010-7A79-4BA8-AB05-8A5D6D42FEEF}.Release|Any CPU.ActiveCfg = Release|Any CPU
		{0B4F9010-7A79-4BA8-AB05-8A5D6D42FEEF}.Release|Any CPU.Build.0 = Release|Any CPU
		{C30B3B1B-A39C-4045-82A6-B81AF6553D62}.Debug|Any CPU.ActiveCfg = Debug|Any CPU
		{C30B3B1B-A39C-4045-82A6-B81AF6553D62}.Debug|Any CPU.Build.0 = Debug|Any CPU
		{C30B3B1B-A39C-4045-82A6-B81AF6553D62}.Release|Any CPU.ActiveCfg = Release|Any CPU
		{C30B3B1B-A39C-4045-82A6-B81AF6553D62}.Release|Any CPU.Build.0 = Release|Any CPU
	EndGlobalSection
	GlobalSection(SolutionProperties) = preSolution
		HideSolutionNode = FALSE
	EndGlobalSection
	GlobalSection(NestedProjects) = preSolution
		{C76E256F-909D-45E3-9ACD-426F55DB6338} = {65ACC68F-CD24-4AD6-9906-B674017ECA38}
		{347CD471-E8F8-4A91-A040-9D6718663356} = {8C415CD0-B2F0-41CC-800E-FC1D0CAECE58}
		{EA373705-4542-4CE9-84AC-FE86587B1C5C} = {4DF88C43-6A13-47DC-A0BA-48D25D7A3BB7}
		{950CEA58-BF46-48DB-AE2D-A742F6C0C83A} = {A1D5A18D-B3A5-4BBE-9989-AD0559488423}
		{C712552C-C013-4D65-9C3A-4131BD8EFDCA} = {A1D5A18D-B3A5-4BBE-9989-AD0559488423}
		{9F7861F8-FAAF-4F08-9B6B-B03898D458D3} = {A1D5A18D-B3A5-4BBE-9989-AD0559488423}
		{2F081639-F109-407C-B45F-887CC47A7919} = {A1D5A18D-B3A5-4BBE-9989-AD0559488423}
		{076EFEDD-9189-41B6-BF67-45E872C00D0F} = {A1D5A18D-B3A5-4BBE-9989-AD0559488423}
		{C5DB4F75-72F7-4D10-869A-DEB760844E75} = {A1D5A18D-B3A5-4BBE-9989-AD0559488423}
		{A3ACAAA2-4968-4D1A-A073-92C49BFAE634} = {A1D5A18D-B3A5-4BBE-9989-AD0559488423}
		{2FAABDC5-B470-4308-886F-EB9EDBDE2FCE} = {A1D5A18D-B3A5-4BBE-9989-AD0559488423}
		{63B6BBD7-1E4C-41DF-AAE5-165553C35AA2} = {950CEA58-BF46-48DB-AE2D-A742F6C0C83A}
		{7F5A6EF7-AC8D-464E-BED3-BFEF9ED44F3A} = {C712552C-C013-4D65-9C3A-4131BD8EFDCA}
		{A284FE35-D5F6-46E3-8533-A875DCF0426E} = {C712552C-C013-4D65-9C3A-4131BD8EFDCA}
		{32807DFA-C944-4B78-ADE6-89C7AE3161E1} = {C712552C-C013-4D65-9C3A-4131BD8EFDCA}
		{DD559EF0-A032-41BC-A460-B9BEABE7924D} = {9F7861F8-FAAF-4F08-9B6B-B03898D458D3}
		{6482AA43-10D0-4DC9-9FE7-E1C250F24896} = {2F081639-F109-407C-B45F-887CC47A7919}
		{88220844-91C1-449D-9466-507FFA5F92B4} = {076EFEDD-9189-41B6-BF67-45E872C00D0F}
		{EE6C6FC4-33EA-45C4-AE52-17FA89CF16EB} = {C5DB4F75-72F7-4D10-869A-DEB760844E75}
		{0B4F9010-7A79-4BA8-AB05-8A5D6D42FEEF} = {A3ACAAA2-4968-4D1A-A073-92C49BFAE634}
		{C30B3B1B-A39C-4045-82A6-B81AF6553D62} = {2FAABDC5-B470-4308-886F-EB9EDBDE2FCE}
	EndGlobalSection
EndGlobal
