
Microsoft Visual Studio Solution File, Format Version 12.00
# Visual Studio 2013
VisualStudioVersion = 12.0.30110.0
MinimumVisualStudioVersion = 10.0.40219.1
Project("{2150E333-8FDC-42A3-9474-1A3956D46DE8}") = "Understanding XAML", "Understanding XAML", "{A9A4AF1F-EB7B-40A8-AF6A-EE996405E577}"
EndProject
Project("{FAE04EC0-301F-11D3-BF4B-00C04F79EFBC}") = "LearningXAMLWPFApp", "LearningXAMLWPFApp\LearningXAMLWPFApp.csproj", "{6B2EF8D2-BCC9-4A17-8416-C26B2C5DD241}"
EndProject
Project("{FAE04EC0-301F-11D3-BF4B-00C04F79EFBC}") = "CRMSystemLibrary", "CRMSystemLibrary\CRMSystemLibrary.csproj", "{29772276-FA66-4802-9E1B-F265FCA8AE54}"
EndProject
Project("{FAE04EC0-301F-11D3-BF4B-00C04F79EFBC}") = "DynamicUI", "DynamicUI\DynamicUI.csproj", "{D558AAA4-2744-4929-8A86-8B55DAEE234C}"
EndProject
Project("{2150E333-8FDC-42A3-9474-1A3956D46DE8}") = "Async UI", "Async UI", "{D63EE3B6-C029-49BF-A37F-53A467E76DAF}"
EndProject
Project("{FAE04EC0-301F-11D3-BF4B-00C04F79EFBC}") = "WithoutAsyncWpfApp", "WithoutAsyncWpfApp\WithoutAsyncWpfApp.csproj", "{E826431C-61E1-4935-9537-7407E4D208DF}"
EndProject
Project("{FAE04EC0-301F-11D3-BF4B-00C04F79EFBC}") = "WithAsyncWpfAppThreaded", "WithAsyncWpfAppThreaded\WithAsyncWpfAppThreaded.csproj", "{C3854795-2131-41F5-8BA6-8CC8CEE57054}"
EndProject
Project("{FAE04EC0-301F-11D3-BF4B-00C04F79EFBC}") = "WithAsyncWPFAppTPL", "WithAsyncWPFAppTPL\WithAsyncWPFAppTPL.csproj", "{483A741C-29F1-43E1-8C5A-DBFE5C14EAB7}"
EndProject
Project("{FAE04EC0-301F-11D3-BF4B-00C04F79EFBC}") = "WithAsyncWPFAppModern", "WithAsyncWPFAppModern\WithAsyncWPFAppModern.csproj", "{77158F7D-81BE-4CD0-9A00-181B4A53D3FF}"
EndProject
Global
	GlobalSection(SolutionConfigurationPlatforms) = preSolution
		Debug|Any CPU = Debug|Any CPU
		Release|Any CPU = Release|Any CPU
	EndGlobalSection
	GlobalSection(ProjectConfigurationPlatforms) = postSolution
		{6B2EF8D2-BCC9-4A17-8416-C26B2C5DD241}.Debug|Any CPU.ActiveCfg = Debug|Any CPU
		{6B2EF8D2-BCC9-4A17-8416-C26B2C5DD241}.Debug|Any CPU.Build.0 = Debug|Any CPU
		{6B2EF8D2-BCC9-4A17-8416-C26B2C5DD241}.Release|Any CPU.ActiveCfg = Release|Any CPU
		{6B2EF8D2-BCC9-4A17-8416-C26B2C5DD241}.Release|Any CPU.Build.0 = Release|Any CPU
		{29772276-FA66-4802-9E1B-F265FCA8AE54}.Debug|Any CPU.ActiveCfg = Debug|Any CPU
		{29772276-FA66-4802-9E1B-F265FCA8AE54}.Debug|Any CPU.Build.0 = Debug|Any CPU
		{29772276-FA66-4802-9E1B-F265FCA8AE54}.Release|Any CPU.ActiveCfg = Release|Any CPU
		{29772276-FA66-4802-9E1B-F265FCA8AE54}.Release|Any CPU.Build.0 = Release|Any CPU
		{D558AAA4-2744-4929-8A86-8B55DAEE234C}.Debug|Any CPU.ActiveCfg = Debug|Any CPU
		{D558AAA4-2744-4929-8A86-8B55DAEE234C}.Debug|Any CPU.Build.0 = Debug|Any CPU
		{D558AAA4-2744-4929-8A86-8B55DAEE234C}.Release|Any CPU.ActiveCfg = Release|Any CPU
		{D558AAA4-2744-4929-8A86-8B55DAEE234C}.Release|Any CPU.Build.0 = Release|Any CPU
		{E826431C-61E1-4935-9537-7407E4D208DF}.Debug|Any CPU.ActiveCfg = Debug|Any CPU
		{E826431C-61E1-4935-9537-7407E4D208DF}.Debug|Any CPU.Build.0 = Debug|Any CPU
		{E826431C-61E1-4935-9537-7407E4D208DF}.Release|Any CPU.ActiveCfg = Release|Any CPU
		{E826431C-61E1-4935-9537-7407E4D208DF}.Release|Any CPU.Build.0 = Release|Any CPU
		{C3854795-2131-41F5-8BA6-8CC8CEE57054}.Debug|Any CPU.ActiveCfg = Debug|Any CPU
		{C3854795-2131-41F5-8BA6-8CC8CEE57054}.Debug|Any CPU.Build.0 = Debug|Any CPU
		{C3854795-2131-41F5-8BA6-8CC8CEE57054}.Release|Any CPU.ActiveCfg = Release|Any CPU
		{C3854795-2131-41F5-8BA6-8CC8CEE57054}.Release|Any CPU.Build.0 = Release|Any CPU
		{483A741C-29F1-43E1-8C5A-DBFE5C14EAB7}.Debug|Any CPU.ActiveCfg = Debug|Any CPU
		{483A741C-29F1-43E1-8C5A-DBFE5C14EAB7}.Debug|Any CPU.Build.0 = Debug|Any CPU
		{483A741C-29F1-43E1-8C5A-DBFE5C14EAB7}.Release|Any CPU.ActiveCfg = Release|Any CPU
		{483A741C-29F1-43E1-8C5A-DBFE5C14EAB7}.Release|Any CPU.Build.0 = Release|Any CPU
		{77158F7D-81BE-4CD0-9A00-181B4A53D3FF}.Debug|Any CPU.ActiveCfg = Debug|Any CPU
		{77158F7D-81BE-4CD0-9A00-181B4A53D3FF}.Debug|Any CPU.Build.0 = Debug|Any CPU
		{77158F7D-81BE-4CD0-9A00-181B4A53D3FF}.Release|Any CPU.ActiveCfg = Release|Any CPU
		{77158F7D-81BE-4CD0-9A00-181B4A53D3FF}.Release|Any CPU.Build.0 = Release|Any CPU
	EndGlobalSection
	GlobalSection(SolutionProperties) = preSolution
		HideSolutionNode = FALSE
	EndGlobalSection
	GlobalSection(NestedProjects) = preSolution
		{6B2EF8D2-BCC9-4A17-8416-C26B2C5DD241} = {A9A4AF1F-EB7B-40A8-AF6A-EE996405E577}
		{29772276-FA66-4802-9E1B-F265FCA8AE54} = {A9A4AF1F-EB7B-40A8-AF6A-EE996405E577}
		{E826431C-61E1-4935-9537-7407E4D208DF} = {D63EE3B6-C029-49BF-A37F-53A467E76DAF}
		{C3854795-2131-41F5-8BA6-8CC8CEE57054} = {D63EE3B6-C029-49BF-A37F-53A467E76DAF}
		{483A741C-29F1-43E1-8C5A-DBFE5C14EAB7} = {D63EE3B6-C029-49BF-A37F-53A467E76DAF}
		{77158F7D-81BE-4CD0-9A00-181B4A53D3FF} = {D63EE3B6-C029-49BF-A37F-53A467E76DAF}
	EndGlobalSection
EndGlobal
